
Microsoft Visual Studio Solution File, Format Version 12.00
# Visual Studio Version 16
VisualStudioVersion = 16.0.30517.126
MinimumVisualStudioVersion = 10.0.40219.1
Project("{2150E333-8FDC-42A3-9474-1A3956D46DE8}") = "1. MVC", "1. MVC", "{7DB0A8B6-86DB-4923-87C5-55FE2687DD51}"
EndProject
Project("{9A19103F-16F7-4668-BE54-9A1E7A4F7556}") = "ASPNET.MVC", "ASPNET.MVC\ASPNET.MVC.csproj", "{FDE5EED9-BDF2-4F1A-9ED7-DEEA9966EBC4}"
EndProject
Project("{2150E333-8FDC-42A3-9474-1A3956D46DE8}") = "2. Domain", "2. Domain", "{454E1D57-D0F2-4921-AF40-521E0A4EC089}"
EndProject
Project("{9A19103F-16F7-4668-BE54-9A1E7A4F7556}") = "ASPNET.BLL", "ASPNET.BLL\ASPNET.BLL.csproj", "{88F7EB64-AE23-47E1-A69C-4E15D3691A2B}"
EndProject
Project("{2150E333-8FDC-42A3-9474-1A3956D46DE8}") = "3. Infra", "3. Infra", "{EA8D54CE-F1F5-4F46-8B9C-CF89F207F140}"
EndProject
Project("{9A19103F-16F7-4668-BE54-9A1E7A4F7556}") = "AzureCosmos", "AzureCosmos\AzureCosmos.csproj", "{788A8137-8346-483B-86A2-90A3C9DA0BFF}"
EndProject
Project("{FAE04EC0-301F-11D3-BF4B-00C04F79EFBC}") = "AzureBlob", "AzureBlob\AzureBlob.csproj", "{B5DC2525-E137-46B1-8398-ED4C5041AF3C}"
EndProject
Global
	GlobalSection(SolutionConfigurationPlatforms) = preSolution
		Debug|Any CPU = Debug|Any CPU
		Release|Any CPU = Release|Any CPU
	EndGlobalSection
	GlobalSection(ProjectConfigurationPlatforms) = postSolution
		{FDE5EED9-BDF2-4F1A-9ED7-DEEA9966EBC4}.Debug|Any CPU.ActiveCfg = Debug|Any CPU
		{FDE5EED9-BDF2-4F1A-9ED7-DEEA9966EBC4}.Debug|Any CPU.Build.0 = Debug|Any CPU
		{FDE5EED9-BDF2-4F1A-9ED7-DEEA9966EBC4}.Release|Any CPU.ActiveCfg = Release|Any CPU
		{FDE5EED9-BDF2-4F1A-9ED7-DEEA9966EBC4}.Release|Any CPU.Build.0 = Release|Any CPU
		{88F7EB64-AE23-47E1-A69C-4E15D3691A2B}.Debug|Any CPU.ActiveCfg = Debug|Any CPU
		{88F7EB64-AE23-47E1-A69C-4E15D3691A2B}.Debug|Any CPU.Build.0 = Debug|Any CPU
		{88F7EB64-AE23-47E1-A69C-4E15D3691A2B}.Release|Any CPU.ActiveCfg = Release|Any CPU
		{88F7EB64-AE23-47E1-A69C-4E15D3691A2B}.Release|Any CPU.Build.0 = Release|Any CPU
		{788A8137-8346-483B-86A2-90A3C9DA0BFF}.Debug|Any CPU.ActiveCfg = Debug|Any CPU
		{788A8137-8346-483B-86A2-90A3C9DA0BFF}.Debug|Any CPU.Build.0 = Debug|Any CPU
		{788A8137-8346-483B-86A2-90A3C9DA0BFF}.Release|Any CPU.ActiveCfg = Release|Any CPU
		{788A8137-8346-483B-86A2-90A3C9DA0BFF}.Release|Any CPU.Build.0 = Release|Any CPU
		{B5DC2525-E137-46B1-8398-ED4C5041AF3C}.Debug|Any CPU.ActiveCfg = Debug|Any CPU
		{B5DC2525-E137-46B1-8398-ED4C5041AF3C}.Debug|Any CPU.Build.0 = Debug|Any CPU
		{B5DC2525-E137-46B1-8398-ED4C5041AF3C}.Release|Any CPU.ActiveCfg = Release|Any CPU
		{B5DC2525-E137-46B1-8398-ED4C5041AF3C}.Release|Any CPU.Build.0 = Release|Any CPU
	EndGlobalSection
	GlobalSection(SolutionProperties) = preSolution
		HideSolutionNode = FALSE
	EndGlobalSection
	GlobalSection(NestedProjects) = preSolution
		{FDE5EED9-BDF2-4F1A-9ED7-DEEA9966EBC4} = {7DB0A8B6-86DB-4923-87C5-55FE2687DD51}
		{88F7EB64-AE23-47E1-A69C-4E15D3691A2B} = {454E1D57-D0F2-4921-AF40-521E0A4EC089}
		{788A8137-8346-483B-86A2-90A3C9DA0BFF} = {EA8D54CE-F1F5-4F46-8B9C-CF89F207F140}
		{B5DC2525-E137-46B1-8398-ED4C5041AF3C} = {EA8D54CE-F1F5-4F46-8B9C-CF89F207F140}
	EndGlobalSection
	GlobalSection(ExtensibilityGlobals) = postSolution
		SolutionGuid = {838C7BD8-2A28-4482-8F7C-0F36C3BE3ED8}
	EndGlobalSection
EndGlobal
