
Microsoft Visual Studio Solution File, Format Version 12.00
# Visual Studio Version 16
VisualStudioVersion = 16.0.30517.126
MinimumVisualStudioVersion = 10.0.40219.1
Project("{2150E333-8FDC-42A3-9474-1A3956D46DE8}") = "1. MVC", "1. MVC", "{7DB0A8B6-86DB-4923-87C5-55FE2687DD51}"
EndProject
Project("{FAE04EC0-301F-11D3-BF4B-00C04F79EFBC}") = "ASPNET.MVC", "ASPNET.MVC\ASPNET.MVC.csproj", "{FDE5EED9-BDF2-4F1A-9ED7-DEEA9966EBC4}"
EndProject
Global
	GlobalSection(SolutionConfigurationPlatforms) = preSolution
		Debug|Any CPU = Debug|Any CPU
		Release|Any CPU = Release|Any CPU
	EndGlobalSection
	GlobalSection(ProjectConfigurationPlatforms) = postSolution
		{FDE5EED9-BDF2-4F1A-9ED7-DEEA9966EBC4}.Debug|Any CPU.ActiveCfg = Debug|Any CPU
		{FDE5EED9-BDF2-4F1A-9ED7-DEEA9966EBC4}.Debug|Any CPU.Build.0 = Debug|Any CPU
		{FDE5EED9-BDF2-4F1A-9ED7-DEEA9966EBC4}.Release|Any CPU.ActiveCfg = Release|Any CPU
		{FDE5EED9-BDF2-4F1A-9ED7-DEEA9966EBC4}.Release|Any CPU.Build.0 = Release|Any CPU
	EndGlobalSection
	GlobalSection(SolutionProperties) = preSolution
		HideSolutionNode = FALSE
	EndGlobalSection
	GlobalSection(NestedProjects) = preSolution
		{FDE5EED9-BDF2-4F1A-9ED7-DEEA9966EBC4} = {7DB0A8B6-86DB-4923-87C5-55FE2687DD51}
	EndGlobalSection
	GlobalSection(ExtensibilityGlobals) = postSolution
		SolutionGuid = {838C7BD8-2A28-4482-8F7C-0F36C3BE3ED8}
	EndGlobalSection
EndGlobal
